PODS:
  - FireMock (3.1)
  - RobinHood (2.6.3)
  - SwiftLint (0.30.1)

DEPENDENCIES:
  - FireMock
  - RobinHood (from `../`)
  - SwiftLint

SPEC REPOS:
  https://github.com/cocoapods/Specs.git:
    - FireMock
    - SwiftLint

EXTERNAL SOURCES:
  RobinHood:
    :path: "../"

SPEC CHECKSUMS:
  FireMock: 3eed872059c12f94855413347da83b9d6d1a6fac
  RobinHood: 5aee8ca6d02a1932e0b7c1ea0c431e1bcc51a992
  SwiftLint: a54bf1fe12b55c68560eb2a7689dfc81458508f7

PODFILE CHECKSUM: ce07c85c2de1a228bbe7958eddb7a705103f1f5b

COCOAPODS: 1.11.3
